// !$*UTF8*$!
{
	archiveVersion = 1;
	classes = {
	};
	objectVersion = 55;
	objects = {

/* Begin PBXBuildFile section */
		8930D4DE2831A8BD0093583D /* DetalhePerfilCell.swift in Sources */ = {isa = PBXBuildFile; fileRef = 8930D4DD2831A8BD0093583D /* DetalhePerfilCell.swift */; };
		8930D4E02831C3290093583D /* DetalheFotosCell.swift in Sources */ = {isa = PBXBuildFile; fileRef = 8930D4DF2831C3290093583D /* DetalheFotosCell.swift */; };
		8930D4E22831C77E0093583D /* SlideFotosVC.swift in Sources */ = {isa = PBXBuildFile; fileRef = 8930D4E12831C77E0093583D /* SlideFotosVC.swift */; };
		895F828628382FE000D73111 /* UsuarioVc.swift in Sources */ = {isa = PBXBuildFile; fileRef = 895F828528382FE000D73111 /* UsuarioVc.swift */; };
		895F828828385F2F00D73111 /* Perfil.swift in Sources */ = {isa = PBXBuildFile; fileRef = 895F828728385F2F00D73111 /* Perfil.swift */; };
		895F828A2838901800D73111 /* PerfilService.swift in Sources */ = {isa = PBXBuildFile; fileRef = 895F82892838901800D73111 /* PerfilService.swift */; };
		895F828C283893FB00D73111 /* DetalhePerfilView.swift in Sources */ = {isa = PBXBuildFile; fileRef = 895F828B283893FB00D73111 /* DetalhePerfilView.swift */; };
		8982E9AD283978050075B32E /* ExtensionUsuarioVC.swift in Sources */ = {isa = PBXBuildFile; fileRef = 8982E9AC283978050075B32E /* ExtensionUsuarioVC.swift */; };
		899019482830411800316294 /* AppDelegate.swift in Sources */ = {isa = PBXBuildFile; fileRef = 899019472830411800316294 /* AppDelegate.swift */; };
		8990194A2830411800316294 /* SceneDelegate.swift in Sources */ = {isa = PBXBuildFile; fileRef = 899019492830411800316294 /* SceneDelegate.swift */; };
		8990194C2830411800316294 /* ViewController.swift in Sources */ = {isa = PBXBuildFile; fileRef = 8990194B2830411800316294 /* ViewController.swift */; };
		8990194F2830411800316294 /* Main.storyboard in Resources */ = {isa = PBXBuildFile; fileRef = 8990194D2830411800316294 /* Main.storyboard */; };
		899019512830411E00316294 /* Assets.xcassets in Resources */ = {isa = PBXBuildFile; fileRef = 899019502830411E00316294 /* Assets.xcassets */; };
		899019542830411E00316294 /* LaunchScreen.storyboard in Resources */ = {isa = PBXBuildFile; fileRef = 899019522830411E00316294 /* LaunchScreen.storyboard */; };
		8990195D2830414000316294 /* CombineVC.swift in Sources */ = {isa = PBXBuildFile; fileRef = 8990195C2830414000316294 /* CombineVC.swift */; };
		89901960283046E100316294 /* CombineCardView.swift in Sources */ = {isa = PBXBuildFile; fileRef = 8990195F283046E100316294 /* CombineCardView.swift */; };
		89901963283049B000316294 /* UIView.swift in Sources */ = {isa = PBXBuildFile; fileRef = 89901962283049B000316294 /* UIView.swift */; };
		8990196528304C6A00316294 /* UILabel.swift in Sources */ = {isa = PBXBuildFile; fileRef = 8990196428304C6A00316294 /* UILabel.swift */; };
		89901968283068E300316294 /* Usuario.swift in Sources */ = {isa = PBXBuildFile; fileRef = 89901967283068E300316294 /* Usuario.swift */; };
		8990196B283069E700316294 /* UsuarioService.swift in Sources */ = {isa = PBXBuildFile; fileRef = 8990196A283069E700316294 /* UsuarioService.swift */; };
		8990196D28306E4600316294 /* UIImageview.swift in Sources */ = {isa = PBXBuildFile; fileRef = 8990196C28306E4600316294 /* UIImageview.swift */; };
		8990196F2830782400316294 /* UIButton.swift in Sources */ = {isa = PBXBuildFile; fileRef = 8990196E2830782400316294 /* UIButton.swift */; };
		899019712830AE9100316294 /* Loading.swift in Sources */ = {isa = PBXBuildFile; fileRef = 899019702830AE9100316294 /* Loading.swift */; };
		899019732831778400316294 /* MatchVC.swift in Sources */ = {isa = PBXBuildFile; fileRef = 899019722831778400316294 /* MatchVC.swift */; };
		89901975283191C400316294 /* DetalheVC.swift in Sources */ = {isa = PBXBuildFile; fileRef = 89901974283191C400316294 /* DetalheVC.swift */; };
		89A9670828342BD3001FA063 /* SlideFotoCell.swift in Sources */ = {isa = PBXBuildFile; fileRef = 89A9670728342BD3001FA063 /* SlideFotoCell.swift */; };
		89D27B2D28396CCE0084700B /* ExtensionCombineVC.swift in Sources */ = {isa = PBXBuildFile; fileRef = 89D27B2C28396CCE0084700B /* ExtensionCombineVC.swift */; };
		89EC56702831A39600D145F9 /* DetalheHeaderView.swift in Sources */ = {isa = PBXBuildFile; fileRef = 89EC566F2831A39600D145F9 /* DetalheHeaderView.swift */; };
/* End PBXBuildFile section */

/* Begin PBXFileReference section */
		8930D4DD2831A8BD0093583D /* DetalhePerfilCell.swift */ = {isa = PBXFileReference; lastKnownFileType = sourcecode.swift; path = DetalhePerfilCell.swift; sourceTree = "<group>"; };
		8930D4DF2831C3290093583D /* DetalheFotosCell.swift */ = {isa = PBXFileReference; lastKnownFileType = sourcecode.swift; path = DetalheFotosCell.swift; sourceTree = "<group>"; };
		8930D4E12831C77E0093583D /* SlideFotosVC.swift */ = {isa = PBXFileReference; lastKnownFileType = sourcecode.swift; path = SlideFotosVC.swift; sourceTree = "<group>"; };
		895F828528382FE000D73111 /* UsuarioVc.swift */ = {isa = PBXFileReference; lastKnownFileType = sourcecode.swift; path = UsuarioVc.swift; sourceTree = "<group>"; };
		895F828728385F2F00D73111 /* Perfil.swift */ = {isa = PBXFileReference; lastKnownFileType = sourcecode.swift; path = Perfil.swift; sourceTree = "<group>"; };
		895F82892838901800D73111 /* PerfilService.swift */ = {isa = PBXFileReference; lastKnownFileType = sourcecode.swift; path = PerfilService.swift; sourceTree = "<group>"; };
		895F828B283893FB00D73111 /* DetalhePerfilView.swift */ = {isa = PBXFileReference; lastKnownFileType = sourcecode.swift; path = DetalhePerfilView.swift; sourceTree = "<group>"; };
		8982E9AC283978050075B32E /* ExtensionUsuarioVC.swift */ = {isa = PBXFileReference; lastKnownFileType = sourcecode.swift; path = ExtensionUsuarioVC.swift; sourceTree = "<group>"; };
		899019442830411800316294 /* TinderApp.app */ = {isa = PBXFileReference; explicitFileType = wrapper.application; includeInIndex = 0; path = TinderApp.app; sourceTree = BUILT_PRODUCTS_DIR; };
		899019472830411800316294 /* AppDelegate.swift */ = {isa = PBXFileReference; lastKnownFileType = sourcecode.swift; path = AppDelegate.swift; sourceTree = "<group>"; };
		899019492830411800316294 /* SceneDelegate.swift */ = {isa = PBXFileReference; lastKnownFileType = sourcecode.swift; path = SceneDelegate.swift; sourceTree = "<group>"; };
		8990194B2830411800316294 /* ViewController.swift */ = {isa = PBXFileReference; lastKnownFileType = sourcecode.swift; path = ViewController.swift; sourceTree = "<group>"; };
		8990194E2830411800316294 /* Base */ = {isa = PBXFileReference; lastKnownFileType = file.storyboard; name = Base; path = Base.lproj/Main.storyboard; sourceTree = "<group>"; };
		899019502830411E00316294 /* Assets.xcassets */ = {isa = PBXFileReference; lastKnownFileType = folder.assetcatalog; path = Assets.xcassets; sourceTree = "<group>"; };
		899019532830411E00316294 /* Base */ = {isa = PBXFileReference; lastKnownFileType = file.storyboard; name = Base; path = Base.lproj/LaunchScreen.storyboard; sourceTree = "<group>"; };
		899019552830411E00316294 /* Info.plist */ = {isa = PBXFileReference; lastKnownFileType = text.plist.xml; path = Info.plist; sourceTree = "<group>"; };
		8990195C2830414000316294 /* CombineVC.swift */ = {isa = PBXFileReference; lastKnownFileType = sourcecode.swift; path = CombineVC.swift; sourceTree = "<group>"; };
		8990195F283046E100316294 /* CombineCardView.swift */ = {isa = PBXFileReference; lastKnownFileType = sourcecode.swift; path = CombineCardView.swift; sourceTree = "<group>"; };
		89901962283049B000316294 /* UIView.swift */ = {isa = PBXFileReference; fileEncoding = 4; lastKnownFileType = sourcecode.swift; path = UIView.swift; sourceTree = "<group>"; };
		8990196428304C6A00316294 /* UILabel.swift */ = {isa = PBXFileReference; lastKnownFileType = sourcecode.swift; path = UILabel.swift; sourceTree = "<group>"; };
		89901967283068E300316294 /* Usuario.swift */ = {isa = PBXFileReference; lastKnownFileType = sourcecode.swift; path = Usuario.swift; sourceTree = "<group>"; };
		8990196A283069E700316294 /* UsuarioService.swift */ = {isa = PBXFileReference; lastKnownFileType = sourcecode.swift; path = UsuarioService.swift; sourceTree = "<group>"; };
		8990196C28306E4600316294 /* UIImageview.swift */ = {isa = PBXFileReference; lastKnownFileType = sourcecode.swift; path = UIImageview.swift; sourceTree = "<group>"; };
		8990196E2830782400316294 /* UIButton.swift */ = {isa = PBXFileReference; lastKnownFileType = sourcecode.swift; path = UIButton.swift; sourceTree = "<group>"; };
		899019702830AE9100316294 /* Loading.swift */ = {isa = PBXFileReference; lastKnownFileType = sourcecode.swift; path = Loading.swift; sourceTree = "<group>"; };
		899019722831778400316294 /* MatchVC.swift */ = {isa = PBXFileReference; lastKnownFileType = sourcecode.swift; path = MatchVC.swift; sourceTree = "<group>"; };
		89901974283191C400316294 /* DetalheVC.swift */ = {isa = PBXFileReference; lastKnownFileType = sourcecode.swift; path = DetalheVC.swift; sourceTree = "<group>"; };
		89A9670728342BD3001FA063 /* SlideFotoCell.swift */ = {isa = PBXFileReference; lastKnownFileType = sourcecode.swift; path = SlideFotoCell.swift; sourceTree = "<group>"; };
		89D27B2C28396CCE0084700B /* ExtensionCombineVC.swift */ = {isa = PBXFileReference; lastKnownFileType = sourcecode.swift; path = ExtensionCombineVC.swift; sourceTree = "<group>"; };
		89EC566F2831A39600D145F9 /* DetalheHeaderView.swift */ = {isa = PBXFileReference; lastKnownFileType = sourcecode.swift; path = DetalheHeaderView.swift; sourceTree = "<group>"; };
/* End PBXFileReference section */

/* Begin PBXFrameworksBuildPhase section */
		899019412830411800316294 /* Frameworks */ = {
			isa = PBXFrameworksBuildPhase;
			buildActionMask = 2147483647;
			files = (
			);
			runOnlyForDeploymentPostprocessing = 0;
		};
/* End PBXFrameworksBuildPhase section */

/* Begin PBXGroup section */
		8990193B2830411800316294 = {
			isa = PBXGroup;
			children = (
				899019462830411800316294 /* TinderApp */,
				899019452830411800316294 /* Products */,
			);
			sourceTree = "<group>";
		};
		899019452830411800316294 /* Products */ = {
			isa = PBXGroup;
			children = (
				899019442830411800316294 /* TinderApp.app */,
			);
			name = Products;
			sourceTree = "<group>";
		};
		899019462830411800316294 /* TinderApp */ = {
			isa = PBXGroup;
			children = (
				89D27B2B28396CB60084700B /* Extension */,
				89901969283069D500316294 /* Service */,
				89901966283068C000316294 /* Model */,
				8990195E283046CC00316294 /* View */,
				8990195B2830412E00316294 /* Controller */,
				89901961283048FF00316294 /* Lib */,
				899019472830411800316294 /* AppDelegate.swift */,
				899019492830411800316294 /* SceneDelegate.swift */,
				8990194B2830411800316294 /* ViewController.swift */,
				8990194D2830411800316294 /* Main.storyboard */,
				899019522830411E00316294 /* LaunchScreen.storyboard */,
				899019502830411E00316294 /* Assets.xcassets */,
				899019552830411E00316294 /* Info.plist */,
			);
			path = TinderApp;
			sourceTree = "<group>";
		};
		8990195B2830412E00316294 /* Controller */ = {
			isa = PBXGroup;
			children = (
				8990195C2830414000316294 /* CombineVC.swift */,
				895F828528382FE000D73111 /* UsuarioVc.swift */,
				899019722831778400316294 /* MatchVC.swift */,
				89901974283191C400316294 /* DetalheVC.swift */,
				8930D4E12831C77E0093583D /* SlideFotosVC.swift */,
			);
			path = Controller;
			sourceTree = "<group>";
		};
		8990195E283046CC00316294 /* View */ = {
			isa = PBXGroup;
			children = (
				8990195F283046E100316294 /* CombineCardView.swift */,
				89EC566F2831A39600D145F9 /* DetalheHeaderView.swift */,
				895F828B283893FB00D73111 /* DetalhePerfilView.swift */,
				8930D4DD2831A8BD0093583D /* DetalhePerfilCell.swift */,
				8930D4DF2831C3290093583D /* DetalheFotosCell.swift */,
				89A9670728342BD3001FA063 /* SlideFotoCell.swift */,
				899019702830AE9100316294 /* Loading.swift */,
			);
			path = View;
			sourceTree = "<group>";
		};
		89901961283048FF00316294 /* Lib */ = {
			isa = PBXGroup;
			children = (
				89901962283049B000316294 /* UIView.swift */,
				8990196428304C6A00316294 /* UILabel.swift */,
				8990196C28306E4600316294 /* UIImageview.swift */,
				8990196E2830782400316294 /* UIButton.swift */,
			);
			path = Lib;
			sourceTree = "<group>";
		};
		89901966283068C000316294 /* Model */ = {
			isa = PBXGroup;
			children = (
				89901967283068E300316294 /* Usuario.swift */,
				895F828728385F2F00D73111 /* Perfil.swift */,
			);
			path = Model;
			sourceTree = "<group>";
		};
		89901969283069D500316294 /* Service */ = {
			isa = PBXGroup;
			children = (
				8990196A283069E700316294 /* UsuarioService.swift */,
				895F82892838901800D73111 /* PerfilService.swift */,
			);
			path = Service;
			sourceTree = "<group>";
		};
		89D27B2B28396CB60084700B /* Extension */ = {
			isa = PBXGroup;
			children = (
				89D27B2C28396CCE0084700B /* ExtensionCombineVC.swift */,
				8982E9AC283978050075B32E /* ExtensionUsuarioVC.swift */,
			);
			path = Extension;
			sourceTree = "<group>";
		};
/* End PBXGroup section */

/* Begin PBXNativeTarget section */
		899019432830411800316294 /* TinderApp */ = {
			isa = PBXNativeTarget;
			buildConfigurationList = 899019582830411E00316294 /* Build configuration list for PBXNativeTarget "TinderApp" */;
			buildPhases = (
				899019402830411800316294 /* Sources */,
				899019412830411800316294 /* Frameworks */,
				899019422830411800316294 /* Resources */,
			);
			buildRules = (
			);
			dependencies = (
			);
			name = TinderApp;
			productName = TinderApp;
			productReference = 899019442830411800316294 /* TinderApp.app */;
			productType = "com.apple.product-type.application";
		};
/* End PBXNativeTarget section */

/* Begin PBXProject section */
		8990193C2830411800316294 /* Project object */ = {
			isa = PBXProject;
			attributes = {
				BuildIndependentTargetsInParallel = 1;
				LastSwiftUpdateCheck = 1330;
				LastUpgradeCheck = 1330;
				TargetAttributes = {
					899019432830411800316294 = {
						CreatedOnToolsVersion = 13.3.1;
					};
				};
			};
			buildConfigurationList = 8990193F2830411800316294 /* Build configuration list for PBXProject "TinderApp" */;
			compatibilityVersion = "Xcode 13.0";
			developmentRegion = en;
			hasScannedForEncodings = 0;
			knownRegions = (
				en,
				Base,
			);
			mainGroup = 8990193B2830411800316294;
			productRefGroup = 899019452830411800316294 /* Products */;
			projectDirPath = "";
			projectRoot = "";
			targets = (
				899019432830411800316294 /* TinderApp */,
			);
		};
/* End PBXProject section */

/* Begin PBXResourcesBuildPhase section */
		899019422830411800316294 /* Resources */ = {
			isa = PBXResourcesBuildPhase;
			buildActionMask = 2147483647;
			files = (
				899019542830411E00316294 /* LaunchScreen.storyboard in Resources */,
				899019512830411E00316294 /* Assets.xcassets in Resources */,
				8990194F2830411800316294 /* Main.storyboard in Resources */,
			);
			runOnlyForDeploymentPostprocessing = 0;
		};
/* End PBXResourcesBuildPhase section */

/* Begin PBXSourcesBuildPhase section */
		899019402830411800316294 /* Sources */ = {
			isa = PBXSourcesBuildPhase;
			buildActionMask = 2147483647;
			files = (
				8930D4E22831C77E0093583D /* SlideFotosVC.swift in Sources */,
				8990196D28306E4600316294 /* UIImageview.swift in Sources */,
				8990196B283069E700316294 /* UsuarioService.swift in Sources */,
				895F828628382FE000D73111 /* UsuarioVc.swift in Sources */,
				89901968283068E300316294 /* Usuario.swift in Sources */,
				895F828A2838901800D73111 /* PerfilService.swift in Sources */,
				8990194C2830411800316294 /* ViewController.swift in Sources */,
				895F828C283893FB00D73111 /* DetalhePerfilView.swift in Sources */,
				899019482830411800316294 /* AppDelegate.swift in Sources */,
				8990196528304C6A00316294 /* UILabel.swift in Sources */,
				89901975283191C400316294 /* DetalheVC.swift in Sources */,
				89901960283046E100316294 /* CombineCardView.swift in Sources */,
				8990195D2830414000316294 /* CombineVC.swift in Sources */,
				8990196F2830782400316294 /* UIButton.swift in Sources */,
				8930D4E02831C3290093583D /* DetalheFotosCell.swift in Sources */,
				8982E9AD283978050075B32E /* ExtensionUsuarioVC.swift in Sources */,
				89D27B2D28396CCE0084700B /* ExtensionCombineVC.swift in Sources */,
				89901963283049B000316294 /* UIView.swift in Sources */,
				89A9670828342BD3001FA063 /* SlideFotoCell.swift in Sources */,
				895F828828385F2F00D73111 /* Perfil.swift in Sources */,
				8930D4DE2831A8BD0093583D /* DetalhePerfilCell.swift in Sources */,
				89EC56702831A39600D145F9 /* DetalheHeaderView.swift in Sources */,
				899019732831778400316294 /* MatchVC.swift in Sources */,
				899019712830AE9100316294 /* Loading.swift in Sources */,
				8990194A2830411800316294 /* SceneDelegate.swift in Sources */,
			);
			runOnlyForDeploymentPostprocessing = 0;
		};
/* End PBXSourcesBuildPhase section */

/* Begin PBXVariantGroup section */
		8990194D2830411800316294 /* Main.storyboard */ = {
			isa = PBXVariantGroup;
			children = (
				8990194E2830411800316294 /* Base */,
			);
			name = Main.storyboard;
			sourceTree = "<group>";
		};
		899019522830411E00316294 /* LaunchScreen.storyboard */ = {
			isa = PBXVariantGroup;
			children = (
				899019532830411E00316294 /* Base */,
			);
			name = LaunchScreen.storyboard;
			sourceTree = "<group>";
		};
/* End PBXVariantGroup section */

/* Begin XCBuildConfiguration section */
		899019562830411E00316294 /* Debug */ = {
			isa = XCBuildConfiguration;
			buildSettings = {
				ALWAYS_SEARCH_USER_PATHS = NO;
				CLANG_ANALYZER_NONNULL = YES;
				CLANG_ANALYZER_NUMBER_OBJECT_CONVERSION = YES_AGGRESSIVE;
				CLANG_CXX_LANGUAGE_STANDARD = "gnu++17";
				CLANG_ENABLE_MODULES = YES;
				CLANG_ENABLE_OBJC_ARC = YES;
				CLANG_ENABLE_OBJC_WEAK = YES;
				CLANG_WARN_BLOCK_CAPTURE_AUTORELEASING = YES;
				CLANG_WARN_BOOL_CONVERSION = YES;
				CLANG_WARN_COMMA = YES;
				CLANG_WARN_CONSTANT_CONVERSION = YES;
				CLANG_WARN_DEPRECATED_OBJC_IMPLEMENTATIONS = YES;
				CLANG_WARN_DIRECT_OBJC_ISA_USAGE = YES_ERROR;
				CLANG_WARN_DOCUMENTATION_COMMENTS = YES;
				CLANG_WARN_EMPTY_BODY = YES;
				CLANG_WARN_ENUM_CONVERSION = YES;
				CLANG_WARN_INFINITE_RECURSION = YES;
				CLANG_WARN_INT_CONVERSION = YES;
				CLANG_WARN_NON_LITERAL_NULL_CONVERSION = YES;
				CLANG_WARN_OBJC_IMPLICIT_RETAIN_SELF = YES;
				CLANG_WARN_OBJC_LITERAL_CONVERSION = YES;
				CLANG_WARN_OBJC_ROOT_CLASS = YES_ERROR;
				CLANG_WARN_QUOTED_INCLUDE_IN_FRAMEWORK_HEADER = YES;
				CLANG_WARN_RANGE_LOOP_ANALYSIS = YES;
				CLANG_WARN_STRICT_PROTOTYPES = YES;
				CLANG_WARN_SUSPICIOUS_MOVE = YES;
				CLANG_WARN_UNGUARDED_AVAILABILITY = YES_AGGRESSIVE;
				CLANG_WARN_UNREACHABLE_CODE = YES;
				CLANG_WARN__DUPLICATE_METHOD_MATCH = YES;
				COPY_PHASE_STRIP = NO;
				DEBUG_INFORMATION_FORMAT = dwarf;
				ENABLE_STRICT_OBJC_MSGSEND = YES;
				ENABLE_TESTABILITY = YES;
				GCC_C_LANGUAGE_STANDARD = gnu11;
				GCC_DYNAMIC_NO_PIC = NO;
				GCC_NO_COMMON_BLOCKS = YES;
				GCC_OPTIMIZATION_LEVEL = 0;
				GCC_PREPROCESSOR_DEFINITIONS = (
					"DEBUG=1",
					"$(inherited)",
				);
				GCC_WARN_64_TO_32_BIT_CONVERSION = YES;
				GCC_WARN_ABOUT_RETURN_TYPE = YES_ERROR;
				GCC_WARN_UNDECLARED_SELECTOR = YES;
				GCC_WARN_UNINITIALIZED_AUTOS = YES_AGGRESSIVE;
				GCC_WARN_UNUSED_FUNCTION = YES;
				GCC_WARN_UNUSED_VARIABLE = YES;
				IPHONEOS_DEPLOYMENT_TARGET = 15.4;
				MTL_ENABLE_DEBUG_INFO = INCLUDE_SOURCE;
				MTL_FAST_MATH = YES;
				ONLY_ACTIVE_ARCH = YES;
				SDKROOT = iphoneos;
				SWIFT_ACTIVE_COMPILATION_CONDITIONS = DEBUG;
				SWIFT_OPTIMIZATION_LEVEL = "-Onone";
			};
			name = Debug;
		};
		899019572830411E00316294 /* Release */ = {
			isa = XCBuildConfiguration;
			buildSettings = {
				ALWAYS_SEARCH_USER_PATHS = NO;
				CLANG_ANALYZER_NONNULL = YES;
				CLANG_ANALYZER_NUMBER_OBJECT_CONVERSION = YES_AGGRESSIVE;
				CLANG_CXX_LANGUAGE_STANDARD = "gnu++17";
				CLANG_ENABLE_MODULES = YES;
				CLANG_ENABLE_OBJC_ARC = YES;
				CLANG_ENABLE_OBJC_WEAK = YES;
				CLANG_WARN_BLOCK_CAPTURE_AUTORELEASING = YES;
				CLANG_WARN_BOOL_CONVERSION = YES;
				CLANG_WARN_COMMA = YES;
				CLANG_WARN_CONSTANT_CONVERSION = YES;
				CLANG_WARN_DEPRECATED_OBJC_IMPLEMENTATIONS = YES;
				CLANG_WARN_DIRECT_OBJC_ISA_USAGE = YES_ERROR;
				CLANG_WARN_DOCUMENTATION_COMMENTS = YES;
				CLANG_WARN_EMPTY_BODY = YES;
				CLANG_WARN_ENUM_CONVERSION = YES;
				CLANG_WARN_INFINITE_RECURSION = YES;
				CLANG_WARN_INT_CONVERSION = YES;
				CLANG_WARN_NON_LITERAL_NULL_CONVERSION = YES;
				CLANG_WARN_OBJC_IMPLICIT_RETAIN_SELF = YES;
				CLANG_WARN_OBJC_LITERAL_CONVERSION = YES;
				CLANG_WARN_OBJC_ROOT_CLASS = YES_ERROR;
				CLANG_WARN_QUOTED_INCLUDE_IN_FRAMEWORK_HEADER = YES;
				CLANG_WARN_RANGE_LOOP_ANALYSIS = YES;
				CLANG_WARN_STRICT_PROTOTYPES = YES;
				CLANG_WARN_SUSPICIOUS_MOVE = YES;
				CLANG_WARN_UNGUARDED_AVAILABILITY = YES_AGGRESSIVE;
				CLANG_WARN_UNREACHABLE_CODE = YES;
				CLANG_WARN__DUPLICATE_METHOD_MATCH = YES;
				COPY_PHASE_STRIP = NO;
				DEBUG_INFORMATION_FORMAT = "dwarf-with-dsym";
				ENABLE_NS_ASSERTIONS = NO;
				ENABLE_STRICT_OBJC_MSGSEND = YES;
				GCC_C_LANGUAGE_STANDARD = gnu11;
				GCC_NO_COMMON_BLOCKS = YES;
				GCC_WARN_64_TO_32_BIT_CONVERSION = YES;
				GCC_WARN_ABOUT_RETURN_TYPE = YES_ERROR;
				GCC_WARN_UNDECLARED_SELECTOR = YES;
				GCC_WARN_UNINITIALIZED_AUTOS = YES_AGGRESSIVE;
				GCC_WARN_UNUSED_FUNCTION = YES;
				GCC_WARN_UNUSED_VARIABLE = YES;
				IPHONEOS_DEPLOYMENT_TARGET = 15.4;
				MTL_ENABLE_DEBUG_INFO = NO;
				MTL_FAST_MATH = YES;
				SDKROOT = iphoneos;
				SWIFT_COMPILATION_MODE = wholemodule;
				SWIFT_OPTIMIZATION_LEVEL = "-O";
				VALIDATE_PRODUCT = YES;
			};
			name = Release;
		};
		899019592830411E00316294 /* Debug */ = {
			isa = XCBuildConfiguration;
			buildSettings = {
				ASSETCATALOG_COMPILER_APPICON_NAME = AppIcon;
				ASSETCATALOG_COMPILER_GLOBAL_ACCENT_COLOR_NAME = AccentColor;
				CODE_SIGN_STYLE = Automatic;
				CURRENT_PROJECT_VERSION = 1;
				DEVELOPMENT_TEAM = R9YGK79Y8Y;
				GENERATE_INFOPLIST_FILE = YES;
				INFOPLIST_FILE = TinderApp/Info.plist;
				INFOPLIST_KEY_UIApplicationSupportsIndirectInputEvents = YES;
				INFOPLIST_KEY_UILaunchStoryboardName = LaunchScreen;
				INFOPLIST_KEY_UIMainStoryboardFile = Main;
				INFOPLIST_KEY_UISupportedInterfaceOrientations_iPad = "UIInterfaceOrientationPortrait UIInterfaceOrientationPortraitUpsideDown UIInterfaceOrientationLandscapeLeft UIInterfaceOrientationLandscapeRight";
				INFOPLIST_KEY_UISupportedInterfaceOrientations_iPhone = "UIInterfaceOrientationPortrait UIInterfaceOrientationLandscapeLeft UIInterfaceOrientationLandscapeRight";
				LD_RUNPATH_SEARCH_PATHS = (
					"$(inherited)",
					"@executable_path/Frameworks",
				);
				MARKETING_VERSION = 1.0;
				PRODUCT_BUNDLE_IDENTIFIER = com.brian.TinderApp;
				PRODUCT_NAME = "$(TARGET_NAME)";
				SWIFT_EMIT_LOC_STRINGS = YES;
				SWIFT_VERSION = 5.0;
				TARGETED_DEVICE_FAMILY = "1,2";
			};
			name = Debug;
		};
		8990195A2830411E00316294 /* Release */ = {
			isa = XCBuildConfiguration;
			buildSettings = {
				ASSETCATALOG_COMPILER_APPICON_NAME = AppIcon;
				ASSETCATALOG_COMPILER_GLOBAL_ACCENT_COLOR_NAME = AccentColor;
				CODE_SIGN_STYLE = Automatic;
				CURRENT_PROJECT_VERSION = 1;
				DEVELOPMENT_TEAM = R9YGK79Y8Y;
				GENERATE_INFOPLIST_FILE = YES;
				INFOPLIST_FILE = TinderApp/Info.plist;
				INFOPLIST_KEY_UIApplicationSupportsIndirectInputEvents = YES;
				INFOPLIST_KEY_UILaunchStoryboardName = LaunchScreen;
				INFOPLIST_KEY_UIMainStoryboardFile = Main;
				INFOPLIST_KEY_UISupportedInterfaceOrientations_iPad = "UIInterfaceOrientationPortrait UIInterfaceOrientationPortraitUpsideDown UIInterfaceOrientationLandscapeLeft UIInterfaceOrientationLandscapeRight";
				INFOPLIST_KEY_UISupportedInterfaceOrientations_iPhone = "UIInterfaceOrientationPortrait UIInterfaceOrientationLandscapeLeft UIInterfaceOrientationLandscapeRight";
				LD_RUNPATH_SEARCH_PATHS = (
					"$(inherited)",
					"@executable_path/Frameworks",
				);
				MARKETING_VERSION = 1.0;
				PRODUCT_BUNDLE_IDENTIFIER = com.brian.TinderApp;
				PRODUCT_NAME = "$(TARGET_NAME)";
				SWIFT_EMIT_LOC_STRINGS = YES;
				SWIFT_VERSION = 5.0;
				TARGETED_DEVICE_FAMILY = "1,2";
			};
			name = Release;
		};
/* End XCBuildConfiguration section */

/* Begin XCConfigurationList section */
		8990193F2830411800316294 /* Build configuration list for PBXProject "TinderApp" */ = {
			isa = XCConfigurationList;
			buildConfigurations = (
				899019562830411E00316294 /* Debug */,
				899019572830411E00316294 /* Release */,
			);
			defaultConfigurationIsVisible = 0;
			defaultConfigurationName = Release;
		};
		899019582830411E00316294 /* Build configuration list for PBXNativeTarget "TinderApp" */ = {
			isa = XCConfigurationList;
			buildConfigurations = (
				899019592830411E00316294 /* Debug */,
				8990195A2830411E00316294 /* Release */,
			);
			defaultConfigurationIsVisible = 0;
			defaultConfigurationName = Release;
		};
/* End XCConfigurationList section */
	};
	rootObject = 8990193C2830411800316294 /* Project object */;
}
